<?xml version="1.0" encoding="UTF-8" standalone="yes" ?>
<CodeBlocks_project_file>
	<FileVersion major="1" minor="6" />
	<Project>
		<Option title="Trabalho-Prog2-RPG" />
		<Option pch_mode="2" />
		<Option compiler="gcc" />
		<Build>
			<Target title="Debug">
				<Option output="bin/Debug/Trabalho-Prog2-RPG" prefix_auto="1" extension_auto="1" />
				<Option object_output="obj/Debug/" />
				<Option type="1" />
				<Option compiler="gcc" />
				<Compiler>
					<Add option="-g" />
				</Compiler>
			</Target>
			<Target title="Release">
				<Option output="bin/Release/Trabalho-Prog2-RPG" prefix_auto="1" extension_auto="1" />
				<Option object_output="obj/Release/" />
				<Option type="1" />
				<Option compiler="gcc" />
				<Compiler>
					<Add option="-O2" />
				</Compiler>
				<Linker>
					<Add option="-s" />
				</Linker>
			</Target>
		</Build>
		<Compiler>
			<Add option="-Wall" />
		</Compiler>
		<Unit filename="data/files/count.data">
			<Option target="Release" />
		</Unit>
		<Unit filename="data/fonts/gtek-technology.ttf">
			<Option target="Release" />
		</Unit>
		<Unit filename="data/fonts/roboto-regular.ttf">
			<Option target="Release" />
		</Unit>
		<Unit filename="data/images/bg.jpeg">
			<Option target="Release" />
		</Unit>
		<Unit filename="data/images/delete_black.png">
			<Option target="Release" />
		</Unit>
		<Unit filename="data/images/edit_black.png">
			<Option target="Release" />
		</Unit>
		<Unit filename="data/images/humano.jpg">
			<Option target="Release" />
		</Unit>
		<Unit filename="data/images/humano.png">
			<Option target="Release" />
		</Unit>
		<Unit filename="data/images/menu.png">
			<Option target="Release" />
		</Unit>
		<Unit filename="data/images/menu_black.png">
			<Option target="Release" />
		</Unit>
		<Unit filename="data/images/sintozoide.png">
			<Option target="Release" />
		</Unit>
		<Unit filename="game/creditos/creditos.c">
			<Option compilerVar="CC" />
			<Option target="Release" />
		</Unit>
		<Unit filename="game/creditos/creditos.h">
			<Option target="Release" />
		</Unit>
		<Unit filename="game/estagios/estagio1.c">
			<Option compilerVar="CC" />
			<Option target="Release" />
		</Unit>
		<Unit filename="game/estagios/estagio2.c">
			<Option compilerVar="CC" />
			<Option target="&lt;{~None~}&gt;" />
		</Unit>
		<Unit filename="game/game.c">
			<Option compilerVar="CC" />
			<Option target="Release" />
		</Unit>
		<Unit filename="game/menu/menu.c">
			<Option compilerVar="CC" />
			<Option target="Release" />
		</Unit>
		<Unit filename="game/menu/menu.h">
			<Option target="Release" />
		</Unit>
		<Unit filename="game/novo_jogo/novo_jogo.c">
			<Option compilerVar="CC" />
			<Option target="Release" />
		</Unit>
		<Unit filename="game/personagem/classe/humano/humano.c">
			<Option compilerVar="CC" />
			<Option target="Release" />
		</Unit>
		<Unit filename="game/personagem/classe/humano/humano.h">
			<Option target="Release" />
		</Unit>
		<Unit filename="game/personagem/classe/sintozoide/sintozoide.c">
			<Option compilerVar="CC" />
			<Option target="Release" />
		</Unit>
		<Unit filename="game/personagem/classe/sintozoide/sintozoide.h">
			<Option target="Release" />
		</Unit>
		<Unit filename="game/personagem/create/create.c">
			<Option compilerVar="CC" />
			<Option target="Release" />
		</Unit>
		<Unit filename="game/personagem/create/create.h">
			<Option target="Release" />
		</Unit>
		<Unit filename="game/personagem/layout.c">
			<Option compilerVar="CC" />
			<Option target="Release" />
		</Unit>
		<Unit filename="game/personagem/layout.h">
			<Option target="Release" />
		</Unit>
		<Unit filename="game/personagem/personagem.c">
			<Option compilerVar="CC" />
			<Option target="Release" />
		</Unit>
		<Unit filename="game/personagem/personagem.h">
			<Option target="Release" />
		</Unit>
		<Unit filename="game/personagem/raca/raca.c">
			<Option compilerVar="CC" />
			<Option target="Release" />
		</Unit>
		<Unit filename="game/personagem/raca/raca.h">
			<Option target="Release" />
		</Unit>
		<Unit filename="game/tools/tools.c">
			<Option compilerVar="CC" />
			<Option target="Release" />
		</Unit>
		<Unit filename="main.c">
			<Option compilerVar="CC" />
		</Unit>
		<Extensions>
			<code_completion />
			<debugger />
		</Extensions>
	</Project>
</CodeBlocks_project_file>
